
Microsoft Visual Studio Solution File, Format Version 12.00
# Visual Studio Version 17
VisualStudioVersion = 17.9.34723.18
MinimumVisualStudioVersion = 10.0.40219.1
Project("{FAE04EC0-301F-11D3-BF4B-00C04F79EFBC}") = "exercicio2", "exercicio2\exercicio2.csproj", "{2EB67413-9584-4BE9-8081-330B7E971420}"
EndProject
Global
	GlobalSection(SolutionConfigurationPlatforms) = preSolution
		Debug|Any CPU = Debug|Any CPU
		Release|Any CPU = Release|Any CPU
	EndGlobalSection
	GlobalSection(ProjectConfigurationPlatforms) = postSolution
		{2EB67413-9584-4BE9-8081-330B7E971420}.Debug|Any CPU.ActiveCfg = Debug|Any CPU
		{2EB67413-9584-4BE9-8081-330B7E971420}.Debug|Any CPU.Build.0 = Debug|Any CPU
		{2EB67413-9584-4BE9-8081-330B7E971420}.Release|Any CPU.ActiveCfg = Release|Any CPU
		{2EB67413-9584-4BE9-8081-330B7E971420}.Release|Any CPU.Build.0 = Release|Any CPU
	EndGlobalSection
	GlobalSection(SolutionProperties) = preSolution
		HideSolutionNode = FALSE
	EndGlobalSection
	GlobalSection(ExtensibilityGlobals) = postSolution
		SolutionGuid = {AD72E034-6D2B-452D-903E-F4491B5AA206}
	EndGlobalSection
EndGlobal
