
Microsoft Visual Studio Solution File, Format Version 12.00
# Visual Studio Version 17
VisualStudioVersion = 17.9.34723.18
MinimumVisualStudioVersion = 10.0.40219.1
Project("{FAE04EC0-301F-11D3-BF4B-00C04F79EFBC}") = "exercicio7", "exercicio7\exercicio7.csproj", "{6322AE29-65E3-4ECA-94E6-DC3D8FE528A6}"
EndProject
Global
	GlobalSection(SolutionConfigurationPlatforms) = preSolution
		Debug|Any CPU = Debug|Any CPU
		Release|Any CPU = Release|Any CPU
	EndGlobalSection
	GlobalSection(ProjectConfigurationPlatforms) = postSolution
		{6322AE29-65E3-4ECA-94E6-DC3D8FE528A6}.Debug|Any CPU.ActiveCfg = Debug|Any CPU
		{6322AE29-65E3-4ECA-94E6-DC3D8FE528A6}.Debug|Any CPU.Build.0 = Debug|Any CPU
		{6322AE29-65E3-4ECA-94E6-DC3D8FE528A6}.Release|Any CPU.ActiveCfg = Release|Any CPU
		{6322AE29-65E3-4ECA-94E6-DC3D8FE528A6}.Release|Any CPU.Build.0 = Release|Any CPU
	EndGlobalSection
	GlobalSection(SolutionProperties) = preSolution
		HideSolutionNode = FALSE
	EndGlobalSection
	GlobalSection(ExtensibilityGlobals) = postSolution
		SolutionGuid = {8F4AC2A1-3120-4C60-AF50-1BE311A30C8E}
	EndGlobalSection
EndGlobal
