
Microsoft Visual Studio Solution File, Format Version 12.00
# Visual Studio Version 17
VisualStudioVersion = 17.9.34723.18
MinimumVisualStudioVersion = 10.0.40219.1
Project("{FAE04EC0-301F-11D3-BF4B-00C04F79EFBC}") = "exercicio4", "exercicio4\exercicio4.csproj", "{A8688FC7-B9D2-4C57-A70D-35B67628B5D8}"
EndProject
Global
	GlobalSection(SolutionConfigurationPlatforms) = preSolution
		Debug|Any CPU = Debug|Any CPU
		Release|Any CPU = Release|Any CPU
	EndGlobalSection
	GlobalSection(ProjectConfigurationPlatforms) = postSolution
		{A8688FC7-B9D2-4C57-A70D-35B67628B5D8}.Debug|Any CPU.ActiveCfg = Debug|Any CPU
		{A8688FC7-B9D2-4C57-A70D-35B67628B5D8}.Debug|Any CPU.Build.0 = Debug|Any CPU
		{A8688FC7-B9D2-4C57-A70D-35B67628B5D8}.Release|Any CPU.ActiveCfg = Release|Any CPU
		{A8688FC7-B9D2-4C57-A70D-35B67628B5D8}.Release|Any CPU.Build.0 = Release|Any CPU
	EndGlobalSection
	GlobalSection(SolutionProperties) = preSolution
		HideSolutionNode = FALSE
	EndGlobalSection
	GlobalSection(ExtensibilityGlobals) = postSolution
		SolutionGuid = {D50E102A-39FF-42A1-99F7-FE86A682D63D}
	EndGlobalSection
EndGlobal
