
Microsoft Visual Studio Solution File, Format Version 12.00
# Visual Studio Version 17
VisualStudioVersion = 17.9.34723.18
MinimumVisualStudioVersion = 10.0.40219.1
Project("{FAE04EC0-301F-11D3-BF4B-00C04F79EFBC}") = "exercicio10", "exercicio10\exercicio10.csproj", "{817B3E75-21DC-43C4-9CCF-3B5E279BE819}"
EndProject
Global
	GlobalSection(SolutionConfigurationPlatforms) = preSolution
		Debug|Any CPU = Debug|Any CPU
		Release|Any CPU = Release|Any CPU
	EndGlobalSection
	GlobalSection(ProjectConfigurationPlatforms) = postSolution
		{817B3E75-21DC-43C4-9CCF-3B5E279BE819}.Debug|Any CPU.ActiveCfg = Debug|Any CPU
		{817B3E75-21DC-43C4-9CCF-3B5E279BE819}.Debug|Any CPU.Build.0 = Debug|Any CPU
		{817B3E75-21DC-43C4-9CCF-3B5E279BE819}.Release|Any CPU.ActiveCfg = Release|Any CPU
		{817B3E75-21DC-43C4-9CCF-3B5E279BE819}.Release|Any CPU.Build.0 = Release|Any CPU
	EndGlobalSection
	GlobalSection(SolutionProperties) = preSolution
		HideSolutionNode = FALSE
	EndGlobalSection
	GlobalSection(ExtensibilityGlobals) = postSolution
		SolutionGuid = {73E4F4ED-6A45-44C8-A591-7E1435B69C69}
	EndGlobalSection
EndGlobal
